
Microsoft Visual Studio Solution File, Format Version 12.00
# Visual Studio Version 17
VisualStudioVersion = 17.0.31903.59
MinimumVisualStudioVersion = 10.0.40219.1
Project("{2150E333-8FDC-42A3-9474-1A3956D46DE8}") = "src", "src", "{CD82D7E7-A342-40D6-BF66-AD3CBB90384E}"
EndProject
Project("{FAE04EC0-301F-11D3-BF4B-00C04F79EFBC}") = "CashFlow.Application", "src\CashFlow.Application\CashFlow.Application.csproj", "{4CF9ACDD-46A9-4F4A-A9FA-E5FD509F680B}"
EndProject
Project("{FAE04EC0-301F-11D3-BF4B-00C04F79EFBC}") = "CashFlow.Domain", "src\CashFlow.Domain\CashFlow.Domain.csproj", "{72A28AD8-5A99-44D6-9A7B-17D87442C8EE}"
EndProject
Project("{FAE04EC0-301F-11D3-BF4B-00C04F79EFBC}") = "CashFlow.Infrastructure", "src\CashFlow.Infrastructure\CashFlow.Infrastructure.csproj", "{514948D5-0ECC-4D03-AA9C-C9A69443FD76}"
EndProject
Project("{FAE04EC0-301F-11D3-BF4B-00C04F79EFBC}") = "CashFlow.Shared", "src\CashFlow.Shared\CashFlow.Shared.csproj", "{94E62556-EC61-42AD-A959-7A4F2ACA2D53}"
EndProject
Project("{FAE04EC0-301F-11D3-BF4B-00C04F79EFBC}") = "CashFlow.Web", "src\CashFlow.Web\CashFlow.Web.csproj", "{ACB42882-1DEA-4185-937F-6BEAC9D8A8DF}"
EndProject
Project("{2150E333-8FDC-42A3-9474-1A3956D46DE8}") = "tests", "tests", "{F1E7B5B9-EB29-44C5-BE2E-65B39F028E2D}"
EndProject
Project("{FAE04EC0-301F-11D3-BF4B-00C04F79EFBC}") = "CashFlow.Application.Tests", "tests\CashFlow.Application.Tests\CashFlow.Application.Tests.csproj", "{877054AA-93F3-43DE-B9DC-F2214FC3B328}"
EndProject
Project("{FAE04EC0-301F-11D3-BF4B-00C04F79EFBC}") = "CashFlow.Domain.Tests", "tests\CashFlow.Domain.Tests\CashFlow.Domain.Tests.csproj", "{6791DBA1-3350-4146-B311-C70EE45EC168}"
EndProject
Project("{FAE04EC0-301F-11D3-BF4B-00C04F79EFBC}") = "CashFlow.Infrastructure.Tests", "tests\CashFlow.Infrastructure.Tests\CashFlow.Infrastructure.Tests.csproj", "{68C319FC-EFFE-4064-9C1B-422E024EFE06}"
EndProject
Project("{FAE04EC0-301F-11D3-BF4B-00C04F79EFBC}") = "CashFlow.Api", "src\CashFlow.Api\CashFlow.Api.csproj", "{75A901B0-E831-4795-9D98-CAA22C08236E}"
EndProject
Project("{FAE04EC0-301F-11D3-BF4B-00C04F79EFBC}") = "CashFlow.Consumer.Consolidation", "src\CashFlow.Consumer.Consolidation\CashFlow.Consumer.Consolidation.csproj", "{DF9BD2D7-D829-4535-AD78-BF2AE7FFCBE3}"
EndProject
Project("{FAE04EC0-301F-11D3-BF4B-00C04F79EFBC}") = "CashFlow.Contracts", "src\CashFlow.Contracts\CashFlow.Contracts.csproj", "{19544301-617C-48B1-8125-1691F2B053D7}"
EndProject
Global
	GlobalSection(SolutionConfigurationPlatforms) = preSolution
		Debug|Any CPU = Debug|Any CPU
		Debug|x64 = Debug|x64
		Debug|x86 = Debug|x86
		Release|Any CPU = Release|Any CPU
		Release|x64 = Release|x64
		Release|x86 = Release|x86
	EndGlobalSection
	GlobalSection(ProjectConfigurationPlatforms) = postSolution
		{4CF9ACDD-46A9-4F4A-A9FA-E5FD509F680B}.Debug|Any CPU.ActiveCfg = Debug|Any CPU
		{4CF9ACDD-46A9-4F4A-A9FA-E5FD509F680B}.Debug|Any CPU.Build.0 = Debug|Any CPU
		{4CF9ACDD-46A9-4F4A-A9FA-E5FD509F680B}.Debug|x64.ActiveCfg = Debug|Any CPU
		{4CF9ACDD-46A9-4F4A-A9FA-E5FD509F680B}.Debug|x64.Build.0 = Debug|Any CPU
		{4CF9ACDD-46A9-4F4A-A9FA-E5FD509F680B}.Debug|x86.ActiveCfg = Debug|Any CPU
		{4CF9ACDD-46A9-4F4A-A9FA-E5FD509F680B}.Debug|x86.Build.0 = Debug|Any CPU
		{4CF9ACDD-46A9-4F4A-A9FA-E5FD509F680B}.Release|Any CPU.ActiveCfg = Release|Any CPU
		{4CF9ACDD-46A9-4F4A-A9FA-E5FD509F680B}.Release|Any CPU.Build.0 = Release|Any CPU
		{4CF9ACDD-46A9-4F4A-A9FA-E5FD509F680B}.Release|x64.ActiveCfg = Release|Any CPU
		{4CF9ACDD-46A9-4F4A-A9FA-E5FD509F680B}.Release|x64.Build.0 = Release|Any CPU
		{4CF9ACDD-46A9-4F4A-A9FA-E5FD509F680B}.Release|x86.ActiveCfg = Release|Any CPU
		{4CF9ACDD-46A9-4F4A-A9FA-E5FD509F680B}.Release|x86.Build.0 = Release|Any CPU
		{72A28AD8-5A99-44D6-9A7B-17D87442C8EE}.Debug|Any CPU.ActiveCfg = Debug|Any CPU
		{72A28AD8-5A99-44D6-9A7B-17D87442C8EE}.Debug|Any CPU.Build.0 = Debug|Any CPU
		{72A28AD8-5A99-44D6-9A7B-17D87442C8EE}.Debug|x64.ActiveCfg = Debug|Any CPU
		{72A28AD8-5A99-44D6-9A7B-17D87442C8EE}.Debug|x64.Build.0 = Debug|Any CPU
		{72A28AD8-5A99-44D6-9A7B-17D87442C8EE}.Debug|x86.ActiveCfg = Debug|Any CPU
		{72A28AD8-5A99-44D6-9A7B-17D87442C8EE}.Debug|x86.Build.0 = Debug|Any CPU
		{72A28AD8-5A99-44D6-9A7B-17D87442C8EE}.Release|Any CPU.ActiveCfg = Release|Any CPU
		{72A28AD8-5A99-44D6-9A7B-17D87442C8EE}.Release|Any CPU.Build.0 = Release|Any CPU
		{72A28AD8-5A99-44D6-9A7B-17D87442C8EE}.Release|x64.ActiveCfg = Release|Any CPU
		{72A28AD8-5A99-44D6-9A7B-17D87442C8EE}.Release|x64.Build.0 = Release|Any CPU
		{72A28AD8-5A99-44D6-9A7B-17D87442C8EE}.Release|x86.ActiveCfg = Release|Any CPU
		{72A28AD8-5A99-44D6-9A7B-17D87442C8EE}.Release|x86.Build.0 = Release|Any CPU
		{514948D5-0ECC-4D03-AA9C-C9A69443FD76}.Debug|Any CPU.ActiveCfg = Debug|Any CPU
		{514948D5-0ECC-4D03-AA9C-C9A69443FD76}.Debug|Any CPU.Build.0 = Debug|Any CPU
		{514948D5-0ECC-4D03-AA9C-C9A69443FD76}.Debug|x64.ActiveCfg = Debug|Any CPU
		{514948D5-0ECC-4D03-AA9C-C9A69443FD76}.Debug|x64.Build.0 = Debug|Any CPU
		{514948D5-0ECC-4D03-AA9C-C9A69443FD76}.Debug|x86.ActiveCfg = Debug|Any CPU
		{514948D5-0ECC-4D03-AA9C-C9A69443FD76}.Debug|x86.Build.0 = Debug|Any CPU
		{514948D5-0ECC-4D03-AA9C-C9A69443FD76}.Release|Any CPU.ActiveCfg = Release|Any CPU
		{514948D5-0ECC-4D03-AA9C-C9A69443FD76}.Release|Any CPU.Build.0 = Release|Any CPU
		{514948D5-0ECC-4D03-AA9C-C9A69443FD76}.Release|x64.ActiveCfg = Release|Any CPU
		{514948D5-0ECC-4D03-AA9C-C9A69443FD76}.Release|x64.Build.0 = Release|Any CPU
		{514948D5-0ECC-4D03-AA9C-C9A69443FD76}.Release|x86.ActiveCfg = Release|Any CPU
		{514948D5-0ECC-4D03-AA9C-C9A69443FD76}.Release|x86.Build.0 = Release|Any CPU
		{94E62556-EC61-42AD-A959-7A4F2ACA2D53}.Debug|Any CPU.ActiveCfg = Debug|Any CPU
		{94E62556-EC61-42AD-A959-7A4F2ACA2D53}.Debug|Any CPU.Build.0 = Debug|Any CPU
		{94E62556-EC61-42AD-A959-7A4F2ACA2D53}.Debug|x64.ActiveCfg = Debug|Any CPU
		{94E62556-EC61-42AD-A959-7A4F2ACA2D53}.Debug|x64.Build.0 = Debug|Any CPU
		{94E62556-EC61-42AD-A959-7A4F2ACA2D53}.Debug|x86.ActiveCfg = Debug|Any CPU
		{94E62556-EC61-42AD-A959-7A4F2ACA2D53}.Debug|x86.Build.0 = Debug|Any CPU
		{94E62556-EC61-42AD-A959-7A4F2ACA2D53}.Release|Any CPU.ActiveCfg = Release|Any CPU
		{94E62556-EC61-42AD-A959-7A4F2ACA2D53}.Release|Any CPU.Build.0 = Release|Any CPU
		{94E62556-EC61-42AD-A959-7A4F2ACA2D53}.Release|x64.ActiveCfg = Release|Any CPU
		{94E62556-EC61-42AD-A959-7A4F2ACA2D53}.Release|x64.Build.0 = Release|Any CPU
		{94E62556-EC61-42AD-A959-7A4F2ACA2D53}.Release|x86.ActiveCfg = Release|Any CPU
		{94E62556-EC61-42AD-A959-7A4F2ACA2D53}.Release|x86.Build.0 = Release|Any CPU
		{ACB42882-1DEA-4185-937F-6BEAC9D8A8DF}.Debug|Any CPU.ActiveCfg = Debug|Any CPU
		{ACB42882-1DEA-4185-937F-6BEAC9D8A8DF}.Debug|Any CPU.Build.0 = Debug|Any CPU
		{ACB42882-1DEA-4185-937F-6BEAC9D8A8DF}.Debug|x64.ActiveCfg = Debug|Any CPU
		{ACB42882-1DEA-4185-937F-6BEAC9D8A8DF}.Debug|x64.Build.0 = Debug|Any CPU
		{ACB42882-1DEA-4185-937F-6BEAC9D8A8DF}.Debug|x86.ActiveCfg = Debug|Any CPU
		{ACB42882-1DEA-4185-937F-6BEAC9D8A8DF}.Debug|x86.Build.0 = Debug|Any CPU
		{ACB42882-1DEA-4185-937F-6BEAC9D8A8DF}.Release|Any CPU.ActiveCfg = Release|Any CPU
		{ACB42882-1DEA-4185-937F-6BEAC9D8A8DF}.Release|Any CPU.Build.0 = Release|Any CPU
		{ACB42882-1DEA-4185-937F-6BEAC9D8A8DF}.Release|x64.ActiveCfg = Release|Any CPU
		{ACB42882-1DEA-4185-937F-6BEAC9D8A8DF}.Release|x64.Build.0 = Release|Any CPU
		{ACB42882-1DEA-4185-937F-6BEAC9D8A8DF}.Release|x86.ActiveCfg = Release|Any CPU
		{ACB42882-1DEA-4185-937F-6BEAC9D8A8DF}.Release|x86.Build.0 = Release|Any CPU
		{877054AA-93F3-43DE-B9DC-F2214FC3B328}.Debug|Any CPU.ActiveCfg = Debug|Any CPU
		{877054AA-93F3-43DE-B9DC-F2214FC3B328}.Debug|Any CPU.Build.0 = Debug|Any CPU
		{877054AA-93F3-43DE-B9DC-F2214FC3B328}.Debug|x64.ActiveCfg = Debug|Any CPU
		{877054AA-93F3-43DE-B9DC-F2214FC3B328}.Debug|x64.Build.0 = Debug|Any CPU
		{877054AA-93F3-43DE-B9DC-F2214FC3B328}.Debug|x86.ActiveCfg = Debug|Any CPU
		{877054AA-93F3-43DE-B9DC-F2214FC3B328}.Debug|x86.Build.0 = Debug|Any CPU
		{877054AA-93F3-43DE-B9DC-F2214FC3B328}.Release|Any CPU.ActiveCfg = Release|Any CPU
		{877054AA-93F3-43DE-B9DC-F2214FC3B328}.Release|Any CPU.Build.0 = Release|Any CPU
		{877054AA-93F3-43DE-B9DC-F2214FC3B328}.Release|x64.ActiveCfg = Release|Any CPU
		{877054AA-93F3-43DE-B9DC-F2214FC3B328}.Release|x64.Build.0 = Release|Any CPU
		{877054AA-93F3-43DE-B9DC-F2214FC3B328}.Release|x86.ActiveCfg = Release|Any CPU
		{877054AA-93F3-43DE-B9DC-F2214FC3B328}.Release|x86.Build.0 = Release|Any CPU
		{6791DBA1-3350-4146-B311-C70EE45EC168}.Debug|Any CPU.ActiveCfg = Debug|Any CPU
		{6791DBA1-3350-4146-B311-C70EE45EC168}.Debug|Any CPU.Build.0 = Debug|Any CPU
		{6791DBA1-3350-4146-B311-C70EE45EC168}.Debug|x64.ActiveCfg = Debug|Any CPU
		{6791DBA1-3350-4146-B311-C70EE45EC168}.Debug|x64.Build.0 = Debug|Any CPU
		{6791DBA1-3350-4146-B311-C70EE45EC168}.Debug|x86.ActiveCfg = Debug|Any CPU
		{6791DBA1-3350-4146-B311-C70EE45EC168}.Debug|x86.Build.0 = Debug|Any CPU
		{6791DBA1-3350-4146-B311-C70EE45EC168}.Release|Any CPU.ActiveCfg = Release|Any CPU
		{6791DBA1-3350-4146-B311-C70EE45EC168}.Release|Any CPU.Build.0 = Release|Any CPU
		{6791DBA1-3350-4146-B311-C70EE45EC168}.Release|x64.ActiveCfg = Release|Any CPU
		{6791DBA1-3350-4146-B311-C70EE45EC168}.Release|x64.Build.0 = Release|Any CPU
		{6791DBA1-3350-4146-B311-C70EE45EC168}.Release|x86.ActiveCfg = Release|Any CPU
		{6791DBA1-3350-4146-B311-C70EE45EC168}.Release|x86.Build.0 = Release|Any CPU
		{68C319FC-EFFE-4064-9C1B-422E024EFE06}.Debug|Any CPU.ActiveCfg = Debug|Any CPU
		{68C319FC-EFFE-4064-9C1B-422E024EFE06}.Debug|Any CPU.Build.0 = Debug|Any CPU
		{68C319FC-EFFE-4064-9C1B-422E024EFE06}.Debug|x64.ActiveCfg = Debug|Any CPU
		{68C319FC-EFFE-4064-9C1B-422E024EFE06}.Debug|x64.Build.0 = Debug|Any CPU
		{68C319FC-EFFE-4064-9C1B-422E024EFE06}.Debug|x86.ActiveCfg = Debug|Any CPU
		{68C319FC-EFFE-4064-9C1B-422E024EFE06}.Debug|x86.Build.0 = Debug|Any CPU
		{68C319FC-EFFE-4064-9C1B-422E024EFE06}.Release|Any CPU.ActiveCfg = Release|Any CPU
		{68C319FC-EFFE-4064-9C1B-422E024EFE06}.Release|Any CPU.Build.0 = Release|Any CPU
		{68C319FC-EFFE-4064-9C1B-422E024EFE06}.Release|x64.ActiveCfg = Release|Any CPU
		{68C319FC-EFFE-4064-9C1B-422E024EFE06}.Release|x64.Build.0 = Release|Any CPU
		{68C319FC-EFFE-4064-9C1B-422E024EFE06}.Release|x86.ActiveCfg = Release|Any CPU
		{68C319FC-EFFE-4064-9C1B-422E024EFE06}.Release|x86.Build.0 = Release|Any CPU
		{75A901B0-E831-4795-9D98-CAA22C08236E}.Debug|Any CPU.ActiveCfg = Debug|Any CPU
		{75A901B0-E831-4795-9D98-CAA22C08236E}.Debug|Any CPU.Build.0 = Debug|Any CPU
		{75A901B0-E831-4795-9D98-CAA22C08236E}.Debug|x64.ActiveCfg = Debug|Any CPU
		{75A901B0-E831-4795-9D98-CAA22C08236E}.Debug|x64.Build.0 = Debug|Any CPU
		{75A901B0-E831-4795-9D98-CAA22C08236E}.Debug|x86.ActiveCfg = Debug|Any CPU
		{75A901B0-E831-4795-9D98-CAA22C08236E}.Debug|x86.Build.0 = Debug|Any CPU
		{75A901B0-E831-4795-9D98-CAA22C08236E}.Release|Any CPU.ActiveCfg = Release|Any CPU
		{75A901B0-E831-4795-9D98-CAA22C08236E}.Release|Any CPU.Build.0 = Release|Any CPU
		{75A901B0-E831-4795-9D98-CAA22C08236E}.Release|x64.ActiveCfg = Release|Any CPU
		{75A901B0-E831-4795-9D98-CAA22C08236E}.Release|x64.Build.0 = Release|Any CPU
		{75A901B0-E831-4795-9D98-CAA22C08236E}.Release|x86.ActiveCfg = Release|Any CPU
		{75A901B0-E831-4795-9D98-CAA22C08236E}.Release|x86.Build.0 = Release|Any CPU
		{DF9BD2D7-D829-4535-AD78-BF2AE7FFCBE3}.Debug|Any CPU.ActiveCfg = Debug|Any CPU
		{DF9BD2D7-D829-4535-AD78-BF2AE7FFCBE3}.Debug|Any CPU.Build.0 = Debug|Any CPU
		{DF9BD2D7-D829-4535-AD78-BF2AE7FFCBE3}.Debug|x64.ActiveCfg = Debug|Any CPU
		{DF9BD2D7-D829-4535-AD78-BF2AE7FFCBE3}.Debug|x64.Build.0 = Debug|Any CPU
		{DF9BD2D7-D829-4535-AD78-BF2AE7FFCBE3}.Debug|x86.ActiveCfg = Debug|Any CPU
		{DF9BD2D7-D829-4535-AD78-BF2AE7FFCBE3}.Debug|x86.Build.0 = Debug|Any CPU
		{DF9BD2D7-D829-4535-AD78-BF2AE7FFCBE3}.Release|Any CPU.ActiveCfg = Release|Any CPU
		{DF9BD2D7-D829-4535-AD78-BF2AE7FFCBE3}.Release|Any CPU.Build.0 = Release|Any CPU
		{DF9BD2D7-D829-4535-AD78-BF2AE7FFCBE3}.Release|x64.ActiveCfg = Release|Any CPU
		{DF9BD2D7-D829-4535-AD78-BF2AE7FFCBE3}.Release|x64.Build.0 = Release|Any CPU
		{DF9BD2D7-D829-4535-AD78-BF2AE7FFCBE3}.Release|x86.ActiveCfg = Release|Any CPU
		{DF9BD2D7-D829-4535-AD78-BF2AE7FFCBE3}.Release|x86.Build.0 = Release|Any CPU
		{19544301-617C-48B1-8125-1691F2B053D7}.Debug|Any CPU.ActiveCfg = Debug|Any CPU
		{19544301-617C-48B1-8125-1691F2B053D7}.Debug|Any CPU.Build.0 = Debug|Any CPU
		{19544301-617C-48B1-8125-1691F2B053D7}.Debug|x64.ActiveCfg = Debug|Any CPU
		{19544301-617C-48B1-8125-1691F2B053D7}.Debug|x64.Build.0 = Debug|Any CPU
		{19544301-617C-48B1-8125-1691F2B053D7}.Debug|x86.ActiveCfg = Debug|Any CPU
		{19544301-617C-48B1-8125-1691F2B053D7}.Debug|x86.Build.0 = Debug|Any CPU
		{19544301-617C-48B1-8125-1691F2B053D7}.Release|Any CPU.ActiveCfg = Release|Any CPU
		{19544301-617C-48B1-8125-1691F2B053D7}.Release|Any CPU.Build.0 = Release|Any CPU
		{19544301-617C-48B1-8125-1691F2B053D7}.Release|x64.ActiveCfg = Release|Any CPU
		{19544301-617C-48B1-8125-1691F2B053D7}.Release|x64.Build.0 = Release|Any CPU
		{19544301-617C-48B1-8125-1691F2B053D7}.Release|x86.ActiveCfg = Release|Any CPU
		{19544301-617C-48B1-8125-1691F2B053D7}.Release|x86.Build.0 = Release|Any CPU
	EndGlobalSection
	GlobalSection(SolutionProperties) = preSolution
		HideSolutionNode = FALSE
	EndGlobalSection
	GlobalSection(NestedProjects) = preSolution
		{4CF9ACDD-46A9-4F4A-A9FA-E5FD509F680B} = {CD82D7E7-A342-40D6-BF66-AD3CBB90384E}
		{72A28AD8-5A99-44D6-9A7B-17D87442C8EE} = {CD82D7E7-A342-40D6-BF66-AD3CBB90384E}
		{514948D5-0ECC-4D03-AA9C-C9A69443FD76} = {CD82D7E7-A342-40D6-BF66-AD3CBB90384E}
		{94E62556-EC61-42AD-A959-7A4F2ACA2D53} = {CD82D7E7-A342-40D6-BF66-AD3CBB90384E}
		{ACB42882-1DEA-4185-937F-6BEAC9D8A8DF} = {CD82D7E7-A342-40D6-BF66-AD3CBB90384E}
		{877054AA-93F3-43DE-B9DC-F2214FC3B328} = {F1E7B5B9-EB29-44C5-BE2E-65B39F028E2D}
		{6791DBA1-3350-4146-B311-C70EE45EC168} = {F1E7B5B9-EB29-44C5-BE2E-65B39F028E2D}
		{68C319FC-EFFE-4064-9C1B-422E024EFE06} = {F1E7B5B9-EB29-44C5-BE2E-65B39F028E2D}
		{75A901B0-E831-4795-9D98-CAA22C08236E} = {CD82D7E7-A342-40D6-BF66-AD3CBB90384E}
		{DF9BD2D7-D829-4535-AD78-BF2AE7FFCBE3} = {CD82D7E7-A342-40D6-BF66-AD3CBB90384E}
		{19544301-617C-48B1-8125-1691F2B053D7} = {CD82D7E7-A342-40D6-BF66-AD3CBB90384E}
	EndGlobalSection
EndGlobal
